// !$*UTF8*$!
{
	archiveVersion = 1;
	classes = {
	};
	objectVersion = 77;
	objects = {

/* Begin PBXBuildFile section */
		F809DE8F2E2F94520060DA0D /* OpenAPIRuntime in Frameworks */ = {isa = PBXBuildFile; productRef = F809DE8E2E2F94520060DA0D /* OpenAPIRuntime */; };
		F809DE922E2F94780060DA0D /* OpenAPIURLSession in Frameworks */ = {isa = PBXBuildFile; productRef = F809DE912E2F94780060DA0D /* OpenAPIURLSession */; };
		F809DF282E2F97CE0060DA0D /* NearestStationsService.swift in Sources */ = {isa = PBXBuildFile; fileRef = F809DF272E2F97CE0060DA0D /* NearestStationsService.swift */; };
		F809DF312E2FAC8A0060DA0D /* CarrierService.swift in Sources */ = {isa = PBXBuildFile; fileRef = F809DF302E2FAC8A0060DA0D /* CarrierService.swift */; };
		F809DF332E2FACD00060DA0D /* NearestSettlementService.swift in Sources */ = {isa = PBXBuildFile; fileRef = F809DF322E2FACD00060DA0D /* NearestSettlementService.swift */; };
		F809DF352E2FACF50060DA0D /* CopyrightService.swift in Sources */ = {isa = PBXBuildFile; fileRef = F809DF342E2FACF50060DA0D /* CopyrightService.swift */; };
		F809DF372E2FAD1B0060DA0D /* ScheduleService.swift in Sources */ = {isa = PBXBuildFile; fileRef = F809DF362E2FAD1B0060DA0D /* ScheduleService.swift */; };
		F809DF392E2FAD3E0060DA0D /* SearchService.swift in Sources */ = {isa = PBXBuildFile; fileRef = F809DF382E2FAD3E0060DA0D /* SearchService.swift */; };
		F809DF3B2E2FAD5A0060DA0D /* StationsListService.swift in Sources */ = {isa = PBXBuildFile; fileRef = F809DF3A2E2FAD5A0060DA0D /* StationsListService.swift */; };
		F809DF3D2E2FAD740060DA0D /* ThreadService.swift in Sources */ = {isa = PBXBuildFile; fileRef = F809DF3C2E2FAD740060DA0D /* ThreadService.swift */; };
/* End PBXBuildFile section */

/* Begin PBXFileReference section */
		F809DE772E2E3AC00060DA0D /* TravelSchedule.app */ = {isa = PBXFileReference; explicitFileType = wrapper.application; includeInIndex = 0; path = TravelSchedule.app; sourceTree = BUILT_PRODUCTS_DIR; };
		F809DF272E2F97CE0060DA0D /* NearestStationsService.swift */ = {isa = PBXFileReference; lastKnownFileType = sourcecode.swift; path = NearestStationsService.swift; sourceTree = "<group>"; };
		F809DF302E2FAC8A0060DA0D /* CarrierService.swift */ = {isa = PBXFileReference; lastKnownFileType = sourcecode.swift; path = CarrierService.swift; sourceTree = "<group>"; };
		F809DF322E2FACD00060DA0D /* NearestSettlementService.swift */ = {isa = PBXFileReference; lastKnownFileType = sourcecode.swift; path = NearestSettlementService.swift; sourceTree = "<group>"; };
		F809DF342E2FACF50060DA0D /* CopyrightService.swift */ = {isa = PBXFileReference; lastKnownFileType = sourcecode.swift; path = CopyrightService.swift; sourceTree = "<group>"; };
		F809DF362E2FAD1B0060DA0D /* ScheduleService.swift */ = {isa = PBXFileReference; lastKnownFileType = sourcecode.swift; path = ScheduleService.swift; sourceTree = "<group>"; };
		F809DF382E2FAD3E0060DA0D /* SearchService.swift */ = {isa = PBXFileReference; lastKnownFileType = sourcecode.swift; path = SearchService.swift; sourceTree = "<group>"; };
		F809DF3A2E2FAD5A0060DA0D /* StationsListService.swift */ = {isa = PBXFileReference; lastKnownFileType = sourcecode.swift; path = StationsListService.swift; sourceTree = "<group>"; };
		F809DF3C2E2FAD740060DA0D /* ThreadService.swift */ = {isa = PBXFileReference; lastKnownFileType = sourcecode.swift; path = ThreadService.swift; sourceTree = "<group>"; };
/* End PBXFileReference section */

/* Begin PBXFileSystemSynchronizedRootGroup section */
		F809DE792E2E3AC00060DA0D /* TravelSchedule */ = {
			isa = PBXFileSystemSynchronizedRootGroup;
			path = TravelSchedule;
			sourceTree = "<group>";
		};
		F809DE9A2E2F95AB0060DA0D /* Yaml */ = {
			isa = PBXFileSystemSynchronizedRootGroup;
			path = Yaml;
			sourceTree = "<group>";
		};
/* End PBXFileSystemSynchronizedRootGroup section */

/* Begin PBXFrameworksBuildPhase section */
		F809DE742E2E3AC00060DA0D /* Frameworks */ = {
			isa = PBXFrameworksBuildPhase;
			buildActionMask = 2147483647;
			files = (
				F809DE922E2F94780060DA0D /* OpenAPIURLSession in Frameworks */,
				F809DE8F2E2F94520060DA0D /* OpenAPIRuntime in Frameworks */,
			);
			runOnlyForDeploymentPostprocessing = 0;
		};
/* End PBXFrameworksBuildPhase section */

/* Begin PBXGroup section */
		F809DE6E2E2E3AC00060DA0D = {
			isa = PBXGroup;
			children = (
				F809DF262E2F97B90060DA0D /* Services */,
				F809DE9A2E2F95AB0060DA0D /* Yaml */,
				F809DE792E2E3AC00060DA0D /* TravelSchedule */,
				F809DE782E2E3AC00060DA0D /* Products */,
			);
			sourceTree = "<group>";
		};
		F809DE782E2E3AC00060DA0D /* Products */ = {
			isa = PBXGroup;
			children = (
				F809DE772E2E3AC00060DA0D /* TravelSchedule.app */,
			);
			name = Products;
			sourceTree = "<group>";
		};
		F809DF262E2F97B90060DA0D /* Services */ = {
			isa = PBXGroup;
			children = (
				F809DF272E2F97CE0060DA0D /* NearestStationsService.swift */,
				F809DF302E2FAC8A0060DA0D /* CarrierService.swift */,
				F809DF322E2FACD00060DA0D /* NearestSettlementService.swift */,
				F809DF342E2FACF50060DA0D /* CopyrightService.swift */,
				F809DF362E2FAD1B0060DA0D /* ScheduleService.swift */,
				F809DF382E2FAD3E0060DA0D /* SearchService.swift */,
				F809DF3A2E2FAD5A0060DA0D /* StationsListService.swift */,
				F809DF3C2E2FAD740060DA0D /* ThreadService.swift */,
			);
			path = Services;
			sourceTree = "<group>";
		};
/* End PBXGroup section */

/* Begin PBXNativeTarget section */
		F809DE762E2E3AC00060DA0D /* TravelSchedule */ = {
			isa = PBXNativeTarget;
			buildConfigurationList = F809DE852E2E3AC10060DA0D /* Build configuration list for PBXNativeTarget "TravelSchedule" */;
			buildPhases = (
				F809DE732E2E3AC00060DA0D /* Sources */,
				F809DE742E2E3AC00060DA0D /* Frameworks */,
				F809DE752E2E3AC00060DA0D /* Resources */,
			);
			buildRules = (
			);
			dependencies = (
				F809DE992E2F95340060DA0D /* PBXTargetDependency */,
			);
			fileSystemSynchronizedGroups = (
				F809DE792E2E3AC00060DA0D /* TravelSchedule */,
				F809DE9A2E2F95AB0060DA0D /* Yaml */,
			);
			name = TravelSchedule;
			packageProductDependencies = (
				F809DE8E2E2F94520060DA0D /* OpenAPIRuntime */,
				F809DE912E2F94780060DA0D /* OpenAPIURLSession */,
			);
			productName = TravelSchedule;
			productReference = F809DE772E2E3AC00060DA0D /* TravelSchedule.app */;
			productType = "com.apple.product-type.application";
		};
/* End PBXNativeTarget section */

/* Begin PBXProject section */
		F809DE6F2E2E3AC00060DA0D /* Project object */ = {
			isa = PBXProject;
			attributes = {
				BuildIndependentTargetsInParallel = 1;
				LastSwiftUpdateCheck = 1620;
				LastUpgradeCheck = 1620;
				TargetAttributes = {
					F809DE762E2E3AC00060DA0D = {
						CreatedOnToolsVersion = 16.2;
					};
				};
			};
			buildConfigurationList = F809DE722E2E3AC00060DA0D /* Build configuration list for PBXProject "TravelSchedule" */;
			developmentRegion = en;
			hasScannedForEncodings = 0;
			knownRegions = (
				en,
				Base,
			);
			mainGroup = F809DE6E2E2E3AC00060DA0D;
			minimizedProjectReferenceProxies = 1;
			packageReferences = (
				F809DE8D2E2F94520060DA0D /* XCRemoteSwiftPackageReference "swift-openapi-runtime" */,
				F809DE902E2F94780060DA0D /* XCRemoteSwiftPackageReference "swift-openapi-urlsession" */,
				F809DE932E2F95090060DA0D /* XCRemoteSwiftPackageReference "swift-openapi-generator" */,
			);
			preferredProjectObjectVersion = 77;
			productRefGroup = F809DE782E2E3AC00060DA0D /* Products */;
			projectDirPath = "";
			projectRoot = "";
			targets = (
				F809DE762E2E3AC00060DA0D /* TravelSchedule */,
			);
		};
/* End PBXProject section */

/* Begin PBXResourcesBuildPhase section */
		F809DE752E2E3AC00060DA0D /* Resources */ = {
			isa = PBXResourcesBuildPhase;
			buildActionMask = 2147483647;
			files = (
			);
			runOnlyForDeploymentPostprocessing = 0;
		};
/* End PBXResourcesBuildPhase section */

/* Begin PBXSourcesBuildPhase section */
		F809DE732E2E3AC00060DA0D /* Sources */ = {
			isa = PBXSourcesBuildPhase;
			buildActionMask = 2147483647;
			files = (
				F809DF312E2FAC8A0060DA0D /* CarrierService.swift in Sources */,
				F809DF332E2FACD00060DA0D /* NearestSettlementService.swift in Sources */,
				F809DF282E2F97CE0060DA0D /* NearestStationsService.swift in Sources */,
				F809DF3B2E2FAD5A0060DA0D /* StationsListService.swift in Sources */,
				F809DF372E2FAD1B0060DA0D /* ScheduleService.swift in Sources */,
				F809DF392E2FAD3E0060DA0D /* SearchService.swift in Sources */,
				F809DF352E2FACF50060DA0D /* CopyrightService.swift in Sources */,
				F809DF3D2E2FAD740060DA0D /* ThreadService.swift in Sources */,
			);
			runOnlyForDeploymentPostprocessing = 0;
		};
/* End PBXSourcesBuildPhase section */

/* Begin PBXTargetDependency section */
		F809DE992E2F95340060DA0D /* PBXTargetDependency */ = {
			isa = PBXTargetDependency;
			productRef = F809DE982E2F95340060DA0D /* OpenAPIGenerator */;
		};
/* End PBXTargetDependency section */

/* Begin XCBuildConfiguration section */
		F809DE832E2E3AC10060DA0D /* Debug */ = {
			isa = XCBuildConfiguration;
			buildSettings = {
				ALWAYS_SEARCH_USER_PATHS = NO;
				ASSETCATALOG_COMPILER_GENERATE_SWIFT_ASSET_SYMBOL_EXTENSIONS = YES;
				CLANG_ANALYZER_NONNULL = YES;
				CLANG_ANALYZER_NUMBER_OBJECT_CONVERSION = YES_AGGRESSIVE;
				CLANG_CXX_LANGUAGE_STANDARD = "gnu++20";
				CLANG_ENABLE_MODULES = YES;
				CLANG_ENABLE_OBJC_ARC = YES;
				CLANG_ENABLE_OBJC_WEAK = YES;
				CLANG_WARN_BLOCK_CAPTURE_AUTORELEASING = YES;
				CLANG_WARN_BOOL_CONVERSION = YES;
				CLANG_WARN_COMMA = YES;
				CLANG_WARN_CONSTANT_CONVERSION = YES;
				CLANG_WARN_DEPRECATED_OBJC_IMPLEMENTATIONS = YES;
				CLANG_WARN_DIRECT_OBJC_ISA_USAGE = YES_ERROR;
				CLANG_WARN_DOCUMENTATION_COMMENTS = YES;
				CLANG_WARN_EMPTY_BODY = YES;
				CLANG_WARN_ENUM_CONVERSION = YES;
				CLANG_WARN_INFINITE_RECURSION = YES;
				CLANG_WARN_INT_CONVERSION = YES;
				CLANG_WARN_NON_LITERAL_NULL_CONVERSION = YES;
				CLANG_WARN_OBJC_IMPLICIT_RETAIN_SELF = YES;
				CLANG_WARN_OBJC_LITERAL_CONVERSION = YES;
				CLANG_WARN_OBJC_ROOT_CLASS = YES_ERROR;
				CLANG_WARN_QUOTED_INCLUDE_IN_FRAMEWORK_HEADER = YES;
				CLANG_WARN_RANGE_LOOP_ANALYSIS = YES;
				CLANG_WARN_STRICT_PROTOTYPES = YES;
				CLANG_WARN_SUSPICIOUS_MOVE = YES;
				CLANG_WARN_UNGUARDED_AVAILABILITY = YES_AGGRESSIVE;
				CLANG_WARN_UNREACHABLE_CODE = YES;
				CLANG_WARN__DUPLICATE_METHOD_MATCH = YES;
				COPY_PHASE_STRIP = NO;
				DEBUG_INFORMATION_FORMAT = dwarf;
				ENABLE_STRICT_OBJC_MSGSEND = YES;
				ENABLE_TESTABILITY = YES;
				ENABLE_USER_SCRIPT_SANDBOXING = YES;
				GCC_C_LANGUAGE_STANDARD = gnu17;
				GCC_DYNAMIC_NO_PIC = NO;
				GCC_NO_COMMON_BLOCKS = YES;
				GCC_OPTIMIZATION_LEVEL = 0;
				GCC_PREPROCESSOR_DEFINITIONS = (
					"DEBUG=1",
					"$(inherited)",
				);
				GCC_WARN_64_TO_32_BIT_CONVERSION = YES;
				GCC_WARN_ABOUT_RETURN_TYPE = YES_ERROR;
				GCC_WARN_UNDECLARED_SELECTOR = YES;
				GCC_WARN_UNINITIALIZED_AUTOS = YES_AGGRESSIVE;
				GCC_WARN_UNUSED_FUNCTION = YES;
				GCC_WARN_UNUSED_VARIABLE = YES;
				IPHONEOS_DEPLOYMENT_TARGET = 18.2;
				LOCALIZATION_PREFERS_STRING_CATALOGS = YES;
				MTL_ENABLE_DEBUG_INFO = INCLUDE_SOURCE;
				MTL_FAST_MATH = YES;
				ONLY_ACTIVE_ARCH = YES;
				SDKROOT = iphoneos;
				SWIFT_ACTIVE_COMPILATION_CONDITIONS = "DEBUG $(inherited)";
				SWIFT_OPTIMIZATION_LEVEL = "-Onone";
			};
			name = Debug;
		};
		F809DE842E2E3AC10060DA0D /* Release */ = {
			isa = XCBuildConfiguration;
			buildSettings = {
				ALWAYS_SEARCH_USER_PATHS = NO;
				ASSETCATALOG_COMPILER_GENERATE_SWIFT_ASSET_SYMBOL_EXTENSIONS = YES;
				CLANG_ANALYZER_NONNULL = YES;
				CLANG_ANALYZER_NUMBER_OBJECT_CONVERSION = YES_AGGRESSIVE;
				CLANG_CXX_LANGUAGE_STANDARD = "gnu++20";
				CLANG_ENABLE_MODULES = YES;
				CLANG_ENABLE_OBJC_ARC = YES;
				CLANG_ENABLE_OBJC_WEAK = YES;
				CLANG_WARN_BLOCK_CAPTURE_AUTORELEASING = YES;
				CLANG_WARN_BOOL_CONVERSION = YES;
				CLANG_WARN_COMMA = YES;
				CLANG_WARN_CONSTANT_CONVERSION = YES;
				CLANG_WARN_DEPRECATED_OBJC_IMPLEMENTATIONS = YES;
				CLANG_WARN_DIRECT_OBJC_ISA_USAGE = YES_ERROR;
				CLANG_WARN_DOCUMENTATION_COMMENTS = YES;
				CLANG_WARN_EMPTY_BODY = YES;
				CLANG_WARN_ENUM_CONVERSION = YES;
				CLANG_WARN_INFINITE_RECURSION = YES;
				CLANG_WARN_INT_CONVERSION = YES;
				CLANG_WARN_NON_LITERAL_NULL_CONVERSION = YES;
				CLANG_WARN_OBJC_IMPLICIT_RETAIN_SELF = YES;
				CLANG_WARN_OBJC_LITERAL_CONVERSION = YES;
				CLANG_WARN_OBJC_ROOT_CLASS = YES_ERROR;
				CLANG_WARN_QUOTED_INCLUDE_IN_FRAMEWORK_HEADER = YES;
				CLANG_WARN_RANGE_LOOP_ANALYSIS = YES;
				CLANG_WARN_STRICT_PROTOTYPES = YES;
				CLANG_WARN_SUSPICIOUS_MOVE = YES;
				CLANG_WARN_UNGUARDED_AVAILABILITY = YES_AGGRESSIVE;
				CLANG_WARN_UNREACHABLE_CODE = YES;
				CLANG_WARN__DUPLICATE_METHOD_MATCH = YES;
				COPY_PHASE_STRIP = NO;
				DEBUG_INFORMATION_FORMAT = "dwarf-with-dsym";
				ENABLE_NS_ASSERTIONS = NO;
				ENABLE_STRICT_OBJC_MSGSEND = YES;
				ENABLE_USER_SCRIPT_SANDBOXING = YES;
				GCC_C_LANGUAGE_STANDARD = gnu17;
				GCC_NO_COMMON_BLOCKS = YES;
				GCC_WARN_64_TO_32_BIT_CONVERSION = YES;
				GCC_WARN_ABOUT_RETURN_TYPE = YES_ERROR;
				GCC_WARN_UNDECLARED_SELECTOR = YES;
				GCC_WARN_UNINITIALIZED_AUTOS = YES_AGGRESSIVE;
				GCC_WARN_UNUSED_FUNCTION = YES;
				GCC_WARN_UNUSED_VARIABLE = YES;
				IPHONEOS_DEPLOYMENT_TARGET = 18.2;
				LOCALIZATION_PREFERS_STRING_CATALOGS = YES;
				MTL_ENABLE_DEBUG_INFO = NO;
				MTL_FAST_MATH = YES;
				SDKROOT = iphoneos;
				SWIFT_COMPILATION_MODE = wholemodule;
				VALIDATE_PRODUCT = YES;
			};
			name = Release;
		};
		F809DE862E2E3AC10060DA0D /* Debug */ = {
			isa = XCBuildConfiguration;
			buildSettings = {
				ASSETCATALOG_COMPILER_APPICON_NAME = AppIcon;
				ASSETCATALOG_COMPILER_GLOBAL_ACCENT_COLOR_NAME = AccentColor;
				CODE_SIGN_STYLE = Automatic;
				CURRENT_PROJECT_VERSION = 1;
				DEVELOPMENT_ASSET_PATHS = "\"TravelSchedule/Preview Content\"";
				DEVELOPMENT_TEAM = ZZSK2UNSA3;
				ENABLE_PREVIEWS = YES;
				GENERATE_INFOPLIST_FILE = YES;
				INFOPLIST_KEY_UIApplicationSceneManifest_Generation = YES;
				INFOPLIST_KEY_UIApplicationSupportsIndirectInputEvents = YES;
				INFOPLIST_KEY_UILaunchScreen_Generation = YES;
				INFOPLIST_KEY_UISupportedInterfaceOrientations = UIInterfaceOrientationPortrait;
				INFOPLIST_KEY_UISupportedInterfaceOrientations_iPad = "UIInterfaceOrientationLandscapeLeft UIInterfaceOrientationLandscapeRight UIInterfaceOrientationPortrait UIInterfaceOrientationPortraitUpsideDown";
				IPHONEOS_DEPLOYMENT_TARGET = 17.0;
				LD_RUNPATH_SEARCH_PATHS = (
					"$(inherited)",
					"@executable_path/Frameworks",
				);
				MARKETING_VERSION = 1.0;
				PRODUCT_BUNDLE_IDENTIFIER = "alesia-matusevich.TravelSchedule";
				PRODUCT_NAME = "$(TARGET_NAME)";
				SUPPORTED_PLATFORMS = "iphoneos iphonesimulator";
				SUPPORTS_MACCATALYST = NO;
				SUPPORTS_MAC_DESIGNED_FOR_IPHONE_IPAD = NO;
				SUPPORTS_XR_DESIGNED_FOR_IPHONE_IPAD = NO;
				SWIFT_EMIT_LOC_STRINGS = YES;
				SWIFT_VERSION = 5.0;
				TARGETED_DEVICE_FAMILY = 1;
			};
			name = Debug;
		};
		F809DE872E2E3AC10060DA0D /* Release */ = {
			isa = XCBuildConfiguration;
			buildSettings = {
				ASSETCATALOG_COMPILER_APPICON_NAME = AppIcon;
				ASSETCATALOG_COMPILER_GLOBAL_ACCENT_COLOR_NAME = AccentColor;
				CODE_SIGN_STYLE = Automatic;
				CURRENT_PROJECT_VERSION = 1;
				DEVELOPMENT_ASSET_PATHS = "\"TravelSchedule/Preview Content\"";
				DEVELOPMENT_TEAM = ZZSK2UNSA3;
				ENABLE_PREVIEWS = YES;
				GENERATE_INFOPLIST_FILE = YES;
				INFOPLIST_KEY_UIApplicationSceneManifest_Generation = YES;
				INFOPLIST_KEY_UIApplicationSupportsIndirectInputEvents = YES;
				INFOPLIST_KEY_UILaunchScreen_Generation = YES;
				INFOPLIST_KEY_UISupportedInterfaceOrientations = UIInterfaceOrientationPortrait;
				INFOPLIST_KEY_UISupportedInterfaceOrientations_iPad = "UIInterfaceOrientationLandscapeLeft UIInterfaceOrientationLandscapeRight UIInterfaceOrientationPortrait UIInterfaceOrientationPortraitUpsideDown";
				IPHONEOS_DEPLOYMENT_TARGET = 17.0;
				LD_RUNPATH_SEARCH_PATHS = (
					"$(inherited)",
					"@executable_path/Frameworks",
				);
				MARKETING_VERSION = 1.0;
				PRODUCT_BUNDLE_IDENTIFIER = "alesia-matusevich.TravelSchedule";
				PRODUCT_NAME = "$(TARGET_NAME)";
				SUPPORTED_PLATFORMS = "iphoneos iphonesimulator";
				SUPPORTS_MACCATALYST = NO;
				SUPPORTS_MAC_DESIGNED_FOR_IPHONE_IPAD = NO;
				SUPPORTS_XR_DESIGNED_FOR_IPHONE_IPAD = NO;
				SWIFT_EMIT_LOC_STRINGS = YES;
				SWIFT_VERSION = 5.0;
				TARGETED_DEVICE_FAMILY = 1;
			};
			name = Release;
		};
/* End XCBuildConfiguration section */

/* Begin XCConfigurationList section */
		F809DE722E2E3AC00060DA0D /* Build configuration list for PBXProject "TravelSchedule" */ = {
			isa = XCConfigurationList;
			buildConfigurations = (
				F809DE832E2E3AC10060DA0D /* Debug */,
				F809DE842E2E3AC10060DA0D /* Release */,
			);
			defaultConfigurationIsVisible = 0;
			defaultConfigurationName = Release;
		};
		F809DE852E2E3AC10060DA0D /* Build configuration list for PBXNativeTarget "TravelSchedule" */ = {
			isa = XCConfigurationList;
			buildConfigurations = (
				F809DE862E2E3AC10060DA0D /* Debug */,
				F809DE872E2E3AC10060DA0D /* Release */,
			);
			defaultConfigurationIsVisible = 0;
			defaultConfigurationName = Release;
		};
/* End XCConfigurationList section */

/* Begin XCRemoteSwiftPackageReference section */
		F809DE8D2E2F94520060DA0D /* XCRemoteSwiftPackageReference "swift-openapi-runtime" */ = {
			isa = XCRemoteSwiftPackageReference;
			repositoryURL = "https://github.com/apple/swift-openapi-runtime/";
			requirement = {
				branch = main;
				kind = branch;
			};
		};
		F809DE902E2F94780060DA0D /* XCRemoteSwiftPackageReference "swift-openapi-urlsession" */ = {
			isa = XCRemoteSwiftPackageReference;
			repositoryURL = "https://github.com/apple/swift-openapi-urlsession";
			requirement = {
				branch = main;
				kind = branch;
			};
		};
		F809DE932E2F95090060DA0D /* XCRemoteSwiftPackageReference "swift-openapi-generator" */ = {
			isa = XCRemoteSwiftPackageReference;
			repositoryURL = "https://github.com/apple/swift-openapi-generator";
			requirement = {
				branch = main;
				kind = branch;
			};
		};
/* End XCRemoteSwiftPackageReference section */

/* Begin XCSwiftPackageProductDependency section */
		F809DE8E2E2F94520060DA0D /* OpenAPIRuntime */ = {
			isa = XCSwiftPackageProductDependency;
			package = F809DE8D2E2F94520060DA0D /* XCRemoteSwiftPackageReference "swift-openapi-runtime" */;
			productName = OpenAPIRuntime;
		};
		F809DE912E2F94780060DA0D /* OpenAPIURLSession */ = {
			isa = XCSwiftPackageProductDependency;
			package = F809DE902E2F94780060DA0D /* XCRemoteSwiftPackageReference "swift-openapi-urlsession" */;
			productName = OpenAPIURLSession;
		};
		F809DE982E2F95340060DA0D /* OpenAPIGenerator */ = {
			isa = XCSwiftPackageProductDependency;
			package = F809DE932E2F95090060DA0D /* XCRemoteSwiftPackageReference "swift-openapi-generator" */;
			productName = "plugin:OpenAPIGenerator";
		};
/* End XCSwiftPackageProductDependency section */
	};
	rootObject = F809DE6F2E2E3AC00060DA0D /* Project object */;
}
